
Microsoft Visual Studio Solution File, Format Version 12.00
# Visual Studio 15
VisualStudioVersion = 15.0.27703.2026
MinimumVisualStudioVersion = 10.0.40219.1
Project("{FAE04EC0-301F-11D3-BF4B-00C04F79EFBC}") = "BingImage", "BingImage\BingImage.csproj", "{207AFA43-EEDC-490C-9F40-4E176AB02D0D}"
EndProject
Global
	GlobalSection(SolutionConfigurationPlatforms) = preSolution
		Debug|Any CPU = Debug|Any CPU
		Release|Any CPU = Release|Any CPU
	EndGlobalSection
	GlobalSection(ProjectConfigurationPlatforms) = postSolution
		{207AFA43-EEDC-490C-9F40-4E176AB02D0D}.Debug|Any CPU.ActiveCfg = Debug|Any CPU
		{207AFA43-EEDC-490C-9F40-4E176AB02D0D}.Debug|Any CPU.Build.0 = Debug|Any CPU
		{207AFA43-EEDC-490C-9F40-4E176AB02D0D}.Release|Any CPU.ActiveCfg = Release|Any CPU
		{207AFA43-EEDC-490C-9F40-4E176AB02D0D}.Release|Any CPU.Build.0 = Release|Any CPU
	EndGlobalSection
	GlobalSection(SolutionProperties) = preSolution
		HideSolutionNode = FALSE
	EndGlobalSection
	GlobalSection(ExtensibilityGlobals) = postSolution
		SolutionGuid = {BB9C64A3-BB20-41C4-8114-95B0BA873D0A}
	EndGlobalSection
EndGlobal
